{
  "meteor": {},
  "dependencies": {
    "basePackages": {
      "spin": {},
      "iron-router": {},
      "bootstrap-3": {},
      "collection2": {},
      "autoform": {}
    },
    "packages": {
      "spin": {
        "git": "https://github.com/SachaG/meteor-spin.git",
        "tag": "v0.2.2",
        "commit": "3f655f0016228e4195acc784c45d3e3a247dc39f"
      },
      "iron-router": {
        "git": "https://github.com/EventedMind/iron-router.git",
        "tag": "v0.6.2",
        "commit": "ce56e58b45624dce992490f3a1c10f10d3948bae"
      },
      "bootstrap-3": {
        "git": "https://github.com/mangasocial/meteor-bootstrap-3.git",
        "tag": "v0.3.7",
        "commit": "5dd0d142c870647b910be80bc777b96f0dd45e5e"
      },
      "collection2": {
        "git": "https://github.com/aldeed/meteor-collection2.git",
        "tag": "v0.3.3",
        "commit": "d5c99b1c0fe30778e683175ecb0dd36529e6271e"
      },
      "autoform": {
        "git": "https://github.com/aldeed/meteor-autoform.git",
        "tag": "v0.4.10",
        "commit": "6f02c8f8f97ae82b7b4d1e2a529edfa3700b6e9b"
      },
      "simple-schema": {
        "git": "https://github.com/aldeed/meteor-simple-schema.git",
        "tag": "v0.2.29",
        "commit": "dc40caf4eaaeb456e1a4e7e227ad326bcd5607b5"
      },
      "moment": {
        "git": "https://github.com/acreeger/meteor-moment.git",
        "tag": "v2.2.1",
        "commit": "9ee12e714afe56b189f53076447b7b54f3012065"
      }
    }
  }
}
